PODS:
  - Differentiator (4.0.1)
  - mobile-ffmpeg-full (4.2.LTS)
  - ReactorKit (2.0.1):
    - RxSwift (~> 5.0)
  - ReusableKit/Core (3.0.0)
  - ReusableKit/RxSwift (3.0.0):
    - ReusableKit/Core
    - RxCocoa (~> 5.0)
    - RxSwift (~> 5.0)
  - RxCocoa (5.0.0):
    - RxRelay (~> 5)
    - RxSwift (~> 5)
  - RxDataSources (4.0.1):
    - Differentiator (~> 4.0)
    - RxCocoa (~> 5.0)
    - RxSwift (~> 5.0)
  - RxRelay (5.0.0):
    - RxSwift (~> 5)
  - RxSwift (5.0.0)
  - RxViewController (1.0.0):
    - RxCocoa (~> 5.0)
    - RxSwift (~> 5.0)
  - SnapKit (4.2.0)
  - Then (2.5.0)

DEPENDENCIES:
  - mobile-ffmpeg-full (= 4.2.LTS)
  - ReactorKit
  - ReusableKit/RxSwift
  - RxCocoa
  - RxDataSources
  - RxSwift
  - RxViewController
  - SnapKit
  - Then

SPEC CHECKSUMS:
  Differentiator: 886080237d9f87f322641dedbc5be257061b0602
  mobile-ffmpeg-full: 58ec97697d027cdbe6e0f43be6b7e41f2c7703a2
  ReactorKit: a63c5e11e0fd32d59d672e54178b0ed2876b764b
  ReusableKit: e5f853ad4652e411f96b6119b2488afa12929be6
  RxCocoa: fcf32050ac00d801f34a7f71d5e8e7f23026dcd8
  RxDataSources: efee07fa4de48477eca0a4611e6d11e2da9c1114
  RxRelay: 4f7409406a51a55cd88483f21ed898c234d60f18
  RxSwift: 8b0671caa829a763bbce7271095859121cbd895f
  RxViewController: 7330a46e5c31cd680db169da4c9fc8676e975a81
  SnapKit: fe8a619752f3f27075cc9a90244d75c6c3f27e2a
  Then: 0157115e883545c77967b452fe74a1d25fb796e1

PODFILE CHECKSUM: 496f037a1f408006f18e19436d15351bfdd90717

COCOAPODS: 1.3.1
